// !$*UTF8*$!
{
	archiveVersion = 1;
	classes = {
	};
	objectVersion = 56;
	objects = {

/* Begin PBXBuildFile section */
		A051BF3829D35FB800AE6187 /* AdvancedWeatherSwiftUIApp.swift in Sources */ = {isa = PBXBuildFile; fileRef = A051BF3729D35FB800AE6187 /* AdvancedWeatherSwiftUIApp.swift */; };
		A051BF3A29D35FB800AE6187 /* ContentView.swift in Sources */ = {isa = PBXBuildFile; fileRef = A051BF3929D35FB800AE6187 /* ContentView.swift */; };
		A051BF3C29D35FBA00AE6187 /* Assets.xcassets in Resources */ = {isa = PBXBuildFile; fileRef = A051BF3B29D35FBA00AE6187 /* Assets.xcassets */; };
		A051BF3F29D35FBA00AE6187 /* Preview Assets.xcassets in Resources */ = {isa = PBXBuildFile; fileRef = A051BF3E29D35FBA00AE6187 /* Preview Assets.xcassets */; };
		A051BF4D29D36C0E00AE6187 /* Extensions.swift in Sources */ = {isa = PBXBuildFile; fileRef = A051BF4C29D36C0E00AE6187 /* Extensions.swift */; };
		A051BF4F29D36C9F00AE6187 /* HomeView.swift in Sources */ = {isa = PBXBuildFile; fileRef = A051BF4E29D36C9F00AE6187 /* HomeView.swift */; };
		A051BF5129D3704700AE6187 /* TabBar.swift in Sources */ = {isa = PBXBuildFile; fileRef = A051BF5029D3704700AE6187 /* TabBar.swift */; };
		A051BF5329D376E500AE6187 /* Shapes.swift in Sources */ = {isa = PBXBuildFile; fileRef = A051BF5229D376E500AE6187 /* Shapes.swift */; };
		A051BF5629D4EEEF00AE6187 /* BottomSheet in Frameworks */ = {isa = PBXBuildFile; productRef = A051BF5529D4EEEF00AE6187 /* BottomSheet */; };
		A051BF5829D4F01F00AE6187 /* ForecastView.swift in Sources */ = {isa = PBXBuildFile; fileRef = A051BF5729D4F01F00AE6187 /* ForecastView.swift */; };
		A051BF5A29D4F23900AE6187 /* Blur.swift in Sources */ = {isa = PBXBuildFile; fileRef = A051BF5929D4F23900AE6187 /* Blur.swift */; };
/* End PBXBuildFile section */

/* Begin PBXFileReference section */
		A051BF3429D35FB800AE6187 /* AdvancedWeatherSwiftUI.app */ = {isa = PBXFileReference; explicitFileType = wrapper.application; includeInIndex = 0; path = AdvancedWeatherSwiftUI.app; sourceTree = BUILT_PRODUCTS_DIR; };
		A051BF3729D35FB800AE6187 /* AdvancedWeatherSwiftUIApp.swift */ = {isa = PBXFileReference; lastKnownFileType = sourcecode.swift; path = AdvancedWeatherSwiftUIApp.swift; sourceTree = "<group>"; };
		A051BF3929D35FB800AE6187 /* ContentView.swift */ = {isa = PBXFileReference; lastKnownFileType = sourcecode.swift; path = ContentView.swift; sourceTree = "<group>"; };
		A051BF3B29D35FBA00AE6187 /* Assets.xcassets */ = {isa = PBXFileReference; lastKnownFileType = folder.assetcatalog; path = Assets.xcassets; sourceTree = "<group>"; };
		A051BF3E29D35FBA00AE6187 /* Preview Assets.xcassets */ = {isa = PBXFileReference; lastKnownFileType = folder.assetcatalog; path = "Preview Assets.xcassets"; sourceTree = "<group>"; };
		A051BF4C29D36C0E00AE6187 /* Extensions.swift */ = {isa = PBXFileReference; lastKnownFileType = sourcecode.swift; path = Extensions.swift; sourceTree = "<group>"; };
		A051BF4E29D36C9F00AE6187 /* HomeView.swift */ = {isa = PBXFileReference; lastKnownFileType = sourcecode.swift; path = HomeView.swift; sourceTree = "<group>"; };
		A051BF5029D3704700AE6187 /* TabBar.swift */ = {isa = PBXFileReference; lastKnownFileType = sourcecode.swift; path = TabBar.swift; sourceTree = "<group>"; };
		A051BF5229D376E500AE6187 /* Shapes.swift */ = {isa = PBXFileReference; lastKnownFileType = sourcecode.swift; path = Shapes.swift; sourceTree = "<group>"; };
		A051BF5729D4F01F00AE6187 /* ForecastView.swift */ = {isa = PBXFileReference; lastKnownFileType = sourcecode.swift; path = ForecastView.swift; sourceTree = "<group>"; };
		A051BF5929D4F23900AE6187 /* Blur.swift */ = {isa = PBXFileReference; lastKnownFileType = sourcecode.swift; path = Blur.swift; sourceTree = "<group>"; };
/* End PBXFileReference section */

/* Begin PBXFrameworksBuildPhase section */
		A051BF3129D35FB800AE6187 /* Frameworks */ = {
			isa = PBXFrameworksBuildPhase;
			buildActionMask = 2147483647;
			files = (
				A051BF5629D4EEEF00AE6187 /* BottomSheet in Frameworks */,
			);
			runOnlyForDeploymentPostprocessing = 0;
		};
/* End PBXFrameworksBuildPhase section */

/* Begin PBXGroup section */
		A051BF2B29D35FB800AE6187 = {
			isa = PBXGroup;
			children = (
				A051BF3629D35FB800AE6187 /* AdvancedWeatherSwiftUI */,
				A051BF3529D35FB800AE6187 /* Products */,
			);
			sourceTree = "<group>";
		};
		A051BF3529D35FB800AE6187 /* Products */ = {
			isa = PBXGroup;
			children = (
				A051BF3429D35FB800AE6187 /* AdvancedWeatherSwiftUI.app */,
			);
			name = Products;
			sourceTree = "<group>";
		};
		A051BF3629D35FB800AE6187 /* AdvancedWeatherSwiftUI */ = {
			isa = PBXGroup;
			children = (
				A051BF4729D36BB900AE6187 /* Utils */,
				A051BF4629D36BB600AE6187 /* Models */,
				A051BF4529D36BB000AE6187 /* Views */,
				A051BF3729D35FB800AE6187 /* AdvancedWeatherSwiftUIApp.swift */,
				A051BF3B29D35FBA00AE6187 /* Assets.xcassets */,
				A051BF3D29D35FBA00AE6187 /* Preview Content */,
			);
			path = AdvancedWeatherSwiftUI;
			sourceTree = "<group>";
		};
		A051BF3D29D35FBA00AE6187 /* Preview Content */ = {
			isa = PBXGroup;
			children = (
				A051BF3E29D35FBA00AE6187 /* Preview Assets.xcassets */,
			);
			path = "Preview Content";
			sourceTree = "<group>";
		};
		A051BF4529D36BB000AE6187 /* Views */ = {
			isa = PBXGroup;
			children = (
				A051BF4B29D36BD600AE6187 /* Components */,
				A051BF4A29D36BD200AE6187 /* Detail */,
				A051BF4929D36BCC00AE6187 /* Navigation */,
				A051BF4829D36BC500AE6187 /* Main */,
			);
			path = Views;
			sourceTree = "<group>";
		};
		A051BF4629D36BB600AE6187 /* Models */ = {
			isa = PBXGroup;
			children = (
			);
			path = Models;
			sourceTree = "<group>";
		};
		A051BF4729D36BB900AE6187 /* Utils */ = {
			isa = PBXGroup;
			children = (
				A051BF4C29D36C0E00AE6187 /* Extensions.swift */,
				A051BF5229D376E500AE6187 /* Shapes.swift */,
			);
			path = Utils;
			sourceTree = "<group>";
		};
		A051BF4829D36BC500AE6187 /* Main */ = {
			isa = PBXGroup;
			children = (
				A051BF3929D35FB800AE6187 /* ContentView.swift */,
				A051BF4E29D36C9F00AE6187 /* HomeView.swift */,
			);
			path = Main;
			sourceTree = "<group>";
		};
		A051BF4929D36BCC00AE6187 /* Navigation */ = {
			isa = PBXGroup;
			children = (
				A051BF5029D3704700AE6187 /* TabBar.swift */,
			);
			path = Navigation;
			sourceTree = "<group>";
		};
		A051BF4A29D36BD200AE6187 /* Detail */ = {
			isa = PBXGroup;
			children = (
				A051BF5729D4F01F00AE6187 /* ForecastView.swift */,
			);
			path = Detail;
			sourceTree = "<group>";
		};
		A051BF4B29D36BD600AE6187 /* Components */ = {
			isa = PBXGroup;
			children = (
				A051BF5929D4F23900AE6187 /* Blur.swift */,
			);
			path = Components;
			sourceTree = "<group>";
		};
/* End PBXGroup section */

/* Begin PBXNativeTarget section */
		A051BF3329D35FB800AE6187 /* AdvancedWeatherSwiftUI */ = {
			isa = PBXNativeTarget;
			buildConfigurationList = A051BF4229D35FBA00AE6187 /* Build configuration list for PBXNativeTarget "AdvancedWeatherSwiftUI" */;
			buildPhases = (
				A051BF3029D35FB800AE6187 /* Sources */,
				A051BF3129D35FB800AE6187 /* Frameworks */,
				A051BF3229D35FB800AE6187 /* Resources */,
			);
			buildRules = (
			);
			dependencies = (
			);
			name = AdvancedWeatherSwiftUI;
			packageProductDependencies = (
				A051BF5529D4EEEF00AE6187 /* BottomSheet */,
			);
			productName = AdvancedWeatherSwiftUI;
			productReference = A051BF3429D35FB800AE6187 /* AdvancedWeatherSwiftUI.app */;
			productType = "com.apple.product-type.application";
		};
/* End PBXNativeTarget section */

/* Begin PBXProject section */
		A051BF2C29D35FB800AE6187 /* Project object */ = {
			isa = PBXProject;
			attributes = {
				BuildIndependentTargetsInParallel = 1;
				LastSwiftUpdateCheck = 1420;
				LastUpgradeCheck = 1420;
				TargetAttributes = {
					A051BF3329D35FB800AE6187 = {
						CreatedOnToolsVersion = 14.2;
					};
				};
			};
			buildConfigurationList = A051BF2F29D35FB800AE6187 /* Build configuration list for PBXProject "AdvancedWeatherSwiftUI" */;
			compatibilityVersion = "Xcode 14.0";
			developmentRegion = en;
			hasScannedForEncodings = 0;
			knownRegions = (
				en,
				Base,
			);
			mainGroup = A051BF2B29D35FB800AE6187;
			packageReferences = (
				A051BF5429D4EEEF00AE6187 /* XCRemoteSwiftPackageReference "BottomSheet" */,
			);
			productRefGroup = A051BF3529D35FB800AE6187 /* Products */;
			projectDirPath = "";
			projectRoot = "";
			targets = (
				A051BF3329D35FB800AE6187 /* AdvancedWeatherSwiftUI */,
			);
		};
/* End PBXProject section */

/* Begin PBXResourcesBuildPhase section */
		A051BF3229D35FB800AE6187 /* Resources */ = {
			isa = PBXResourcesBuildPhase;
			buildActionMask = 2147483647;
			files = (
				A051BF3F29D35FBA00AE6187 /* Preview Assets.xcassets in Resources */,
				A051BF3C29D35FBA00AE6187 /* Assets.xcassets in Resources */,
			);
			runOnlyForDeploymentPostprocessing = 0;
		};
/* End PBXResourcesBuildPhase section */

/* Begin PBXSourcesBuildPhase section */
		A051BF3029D35FB800AE6187 /* Sources */ = {
			isa = PBXSourcesBuildPhase;
			buildActionMask = 2147483647;
			files = (
				A051BF3A29D35FB800AE6187 /* ContentView.swift in Sources */,
				A051BF4F29D36C9F00AE6187 /* HomeView.swift in Sources */,
				A051BF5A29D4F23900AE6187 /* Blur.swift in Sources */,
				A051BF4D29D36C0E00AE6187 /* Extensions.swift in Sources */,
				A051BF3829D35FB800AE6187 /* AdvancedWeatherSwiftUIApp.swift in Sources */,
				A051BF5829D4F01F00AE6187 /* ForecastView.swift in Sources */,
				A051BF5129D3704700AE6187 /* TabBar.swift in Sources */,
				A051BF5329D376E500AE6187 /* Shapes.swift in Sources */,
			);
			runOnlyForDeploymentPostprocessing = 0;
		};
/* End PBXSourcesBuildPhase section */

/* Begin XCBuildConfiguration section */
		A051BF4029D35FBA00AE6187 /* Debug */ = {
			isa = XCBuildConfiguration;
			buildSettings = {
				ALWAYS_SEARCH_USER_PATHS = NO;
				CLANG_ANALYZER_NONNULL = YES;
				CLANG_ANALYZER_NUMBER_OBJECT_CONVERSION = YES_AGGRESSIVE;
				CLANG_CXX_LANGUAGE_STANDARD = "gnu++20";
				CLANG_ENABLE_MODULES = YES;
				CLANG_ENABLE_OBJC_ARC = YES;
				CLANG_ENABLE_OBJC_WEAK = YES;
				CLANG_WARN_BLOCK_CAPTURE_AUTORELEASING = YES;
				CLANG_WARN_BOOL_CONVERSION = YES;
				CLANG_WARN_COMMA = YES;
				CLANG_WARN_CONSTANT_CONVERSION = YES;
				CLANG_WARN_DEPRECATED_OBJC_IMPLEMENTATIONS = YES;
				CLANG_WARN_DIRECT_OBJC_ISA_USAGE = YES_ERROR;
				CLANG_WARN_DOCUMENTATION_COMMENTS = YES;
				CLANG_WARN_EMPTY_BODY = YES;
				CLANG_WARN_ENUM_CONVERSION = YES;
				CLANG_WARN_INFINITE_RECURSION = YES;
				CLANG_WARN_INT_CONVERSION = YES;
				CLANG_WARN_NON_LITERAL_NULL_CONVERSION = YES;
				CLANG_WARN_OBJC_IMPLICIT_RETAIN_SELF = YES;
				CLANG_WARN_OBJC_LITERAL_CONVERSION = YES;
				CLANG_WARN_OBJC_ROOT_CLASS = YES_ERROR;
				CLANG_WARN_QUOTED_INCLUDE_IN_FRAMEWORK_HEADER = YES;
				CLANG_WARN_RANGE_LOOP_ANALYSIS = YES;
				CLANG_WARN_STRICT_PROTOTYPES = YES;
				CLANG_WARN_SUSPICIOUS_MOVE = YES;
				CLANG_WARN_UNGUARDED_AVAILABILITY = YES_AGGRESSIVE;
				CLANG_WARN_UNREACHABLE_CODE = YES;
				CLANG_WARN__DUPLICATE_METHOD_MATCH = YES;
				COPY_PHASE_STRIP = NO;
				DEBUG_INFORMATION_FORMAT = dwarf;
				ENABLE_STRICT_OBJC_MSGSEND = YES;
				ENABLE_TESTABILITY = YES;
				GCC_C_LANGUAGE_STANDARD = gnu11;
				GCC_DYNAMIC_NO_PIC = NO;
				GCC_NO_COMMON_BLOCKS = YES;
				GCC_OPTIMIZATION_LEVEL = 0;
				GCC_PREPROCESSOR_DEFINITIONS = (
					"DEBUG=1",
					"$(inherited)",
				);
				GCC_WARN_64_TO_32_BIT_CONVERSION = YES;
				GCC_WARN_ABOUT_RETURN_TYPE = YES_ERROR;
				GCC_WARN_UNDECLARED_SELECTOR = YES;
				GCC_WARN_UNINITIALIZED_AUTOS = YES_AGGRESSIVE;
				GCC_WARN_UNUSED_FUNCTION = YES;
				GCC_WARN_UNUSED_VARIABLE = YES;
				IPHONEOS_DEPLOYMENT_TARGET = 16.2;
				MTL_ENABLE_DEBUG_INFO = INCLUDE_SOURCE;
				MTL_FAST_MATH = YES;
				ONLY_ACTIVE_ARCH = YES;
				SDKROOT = iphoneos;
				SWIFT_ACTIVE_COMPILATION_CONDITIONS = DEBUG;
				SWIFT_OPTIMIZATION_LEVEL = "-Onone";
			};
			name = Debug;
		};
		A051BF4129D35FBA00AE6187 /* Release */ = {
			isa = XCBuildConfiguration;
			buildSettings = {
				ALWAYS_SEARCH_USER_PATHS = NO;
				CLANG_ANALYZER_NONNULL = YES;
				CLANG_ANALYZER_NUMBER_OBJECT_CONVERSION = YES_AGGRESSIVE;
				CLANG_CXX_LANGUAGE_STANDARD = "gnu++20";
				CLANG_ENABLE_MODULES = YES;
				CLANG_ENABLE_OBJC_ARC = YES;
				CLANG_ENABLE_OBJC_WEAK = YES;
				CLANG_WARN_BLOCK_CAPTURE_AUTORELEASING = YES;
				CLANG_WARN_BOOL_CONVERSION = YES;
				CLANG_WARN_COMMA = YES;
				CLANG_WARN_CONSTANT_CONVERSION = YES;
				CLANG_WARN_DEPRECATED_OBJC_IMPLEMENTATIONS = YES;
				CLANG_WARN_DIRECT_OBJC_ISA_USAGE = YES_ERROR;
				CLANG_WARN_DOCUMENTATION_COMMENTS = YES;
				CLANG_WARN_EMPTY_BODY = YES;
				CLANG_WARN_ENUM_CONVERSION = YES;
				CLANG_WARN_INFINITE_RECURSION = YES;
				CLANG_WARN_INT_CONVERSION = YES;
				CLANG_WARN_NON_LITERAL_NULL_CONVERSION = YES;
				CLANG_WARN_OBJC_IMPLICIT_RETAIN_SELF = YES;
				CLANG_WARN_OBJC_LITERAL_CONVERSION = YES;
				CLANG_WARN_OBJC_ROOT_CLASS = YES_ERROR;
				CLANG_WARN_QUOTED_INCLUDE_IN_FRAMEWORK_HEADER = YES;
				CLANG_WARN_RANGE_LOOP_ANALYSIS = YES;
				CLANG_WARN_STRICT_PROTOTYPES = YES;
				CLANG_WARN_SUSPICIOUS_MOVE = YES;
				CLANG_WARN_UNGUARDED_AVAILABILITY = YES_AGGRESSIVE;
				CLANG_WARN_UNREACHABLE_CODE = YES;
				CLANG_WARN__DUPLICATE_METHOD_MATCH = YES;
				COPY_PHASE_STRIP = NO;
				DEBUG_INFORMATION_FORMAT = "dwarf-with-dsym";
				ENABLE_NS_ASSERTIONS = NO;
				ENABLE_STRICT_OBJC_MSGSEND = YES;
				GCC_C_LANGUAGE_STANDARD = gnu11;
				GCC_NO_COMMON_BLOCKS = YES;
				GCC_WARN_64_TO_32_BIT_CONVERSION = YES;
				GCC_WARN_ABOUT_RETURN_TYPE = YES_ERROR;
				GCC_WARN_UNDECLARED_SELECTOR = YES;
				GCC_WARN_UNINITIALIZED_AUTOS = YES_AGGRESSIVE;
				GCC_WARN_UNUSED_FUNCTION = YES;
				GCC_WARN_UNUSED_VARIABLE = YES;
				IPHONEOS_DEPLOYMENT_TARGET = 16.2;
				MTL_ENABLE_DEBUG_INFO = NO;
				MTL_FAST_MATH = YES;
				SDKROOT = iphoneos;
				SWIFT_COMPILATION_MODE = wholemodule;
				SWIFT_OPTIMIZATION_LEVEL = "-O";
				VALIDATE_PRODUCT = YES;
			};
			name = Release;
		};
		A051BF4329D35FBA00AE6187 /* Debug */ = {
			isa = XCBuildConfiguration;
			buildSettings = {
				ASSETCATALOG_COMPILER_APPICON_NAME = AppIcon;
				ASSETCATALOG_COMPILER_GLOBAL_ACCENT_COLOR_NAME = AccentColor;
				CODE_SIGN_STYLE = Automatic;
				CURRENT_PROJECT_VERSION = 1;
				DEVELOPMENT_ASSET_PATHS = "\"AdvancedWeatherSwiftUI/Preview Content\"";
				DEVELOPMENT_TEAM = 68KQTL44VS;
				ENABLE_PREVIEWS = YES;
				GENERATE_INFOPLIST_FILE = YES;
				INFOPLIST_KEY_UIApplicationSceneManifest_Generation = YES;
				INFOPLIST_KEY_UIApplicationSupportsIndirectInputEvents = YES;
				INFOPLIST_KEY_UILaunchScreen_Generation = YES;
				INFOPLIST_KEY_UISupportedInterfaceOrientations_iPad = "UIInterfaceOrientationPortrait UIInterfaceOrientationPortraitUpsideDown UIInterfaceOrientationLandscapeLeft UIInterfaceOrientationLandscapeRight";
				INFOPLIST_KEY_UISupportedInterfaceOrientations_iPhone = "UIInterfaceOrientationPortrait UIInterfaceOrientationLandscapeLeft UIInterfaceOrientationLandscapeRight";
				LD_RUNPATH_SEARCH_PATHS = (
					"$(inherited)",
					"@executable_path/Frameworks",
				);
				MARKETING_VERSION = 1.0;
				PRODUCT_BUNDLE_IDENTIFIER = com.denizataes.AdvancedWeatherSwiftUI;
				PRODUCT_NAME = "$(TARGET_NAME)";
				SWIFT_EMIT_LOC_STRINGS = YES;
				SWIFT_VERSION = 5.0;
				TARGETED_DEVICE_FAMILY = "1,2";
			};
			name = Debug;
		};
		A051BF4429D35FBA00AE6187 /* Release */ = {
			isa = XCBuildConfiguration;
			buildSettings = {
				ASSETCATALOG_COMPILER_APPICON_NAME = AppIcon;
				ASSETCATALOG_COMPILER_GLOBAL_ACCENT_COLOR_NAME = AccentColor;
				CODE_SIGN_STYLE = Automatic;
				CURRENT_PROJECT_VERSION = 1;
				DEVELOPMENT_ASSET_PATHS = "\"AdvancedWeatherSwiftUI/Preview Content\"";
				DEVELOPMENT_TEAM = 68KQTL44VS;
				ENABLE_PREVIEWS = YES;
				GENERATE_INFOPLIST_FILE = YES;
				INFOPLIST_KEY_UIApplicationSceneManifest_Generation = YES;
				INFOPLIST_KEY_UIApplicationSupportsIndirectInputEvents = YES;
				INFOPLIST_KEY_UILaunchScreen_Generation = YES;
				INFOPLIST_KEY_UISupportedInterfaceOrientations_iPad = "UIInterfaceOrientationPortrait UIInterfaceOrientationPortraitUpsideDown UIInterfaceOrientationLandscapeLeft UIInterfaceOrientationLandscapeRight";
				INFOPLIST_KEY_UISupportedInterfaceOrientations_iPhone = "UIInterfaceOrientationPortrait UIInterfaceOrientationLandscapeLeft UIInterfaceOrientationLandscapeRight";
				LD_RUNPATH_SEARCH_PATHS = (
					"$(inherited)",
					"@executable_path/Frameworks",
				);
				MARKETING_VERSION = 1.0;
				PRODUCT_BUNDLE_IDENTIFIER = com.denizataes.AdvancedWeatherSwiftUI;
				PRODUCT_NAME = "$(TARGET_NAME)";
				SWIFT_EMIT_LOC_STRINGS = YES;
				SWIFT_VERSION = 5.0;
				TARGETED_DEVICE_FAMILY = "1,2";
			};
			name = Release;
		};
/* End XCBuildConfiguration section */

/* Begin XCConfigurationList section */
		A051BF2F29D35FB800AE6187 /* Build configuration list for PBXProject "AdvancedWeatherSwiftUI" */ = {
			isa = XCConfigurationList;
			buildConfigurations = (
				A051BF4029D35FBA00AE6187 /* Debug */,
				A051BF4129D35FBA00AE6187 /* Release */,
			);
			defaultConfigurationIsVisible = 0;
			defaultConfigurationName = Release;
		};
		A051BF4229D35FBA00AE6187 /* Build configuration list for PBXNativeTarget "AdvancedWeatherSwiftUI" */ = {
			isa = XCConfigurationList;
			buildConfigurations = (
				A051BF4329D35FBA00AE6187 /* Debug */,
				A051BF4429D35FBA00AE6187 /* Release */,
			);
			defaultConfigurationIsVisible = 0;
			defaultConfigurationName = Release;
		};
/* End XCConfigurationList section */

/* Begin XCRemoteSwiftPackageReference section */
		A051BF5429D4EEEF00AE6187 /* XCRemoteSwiftPackageReference "BottomSheet" */ = {
			isa = XCRemoteSwiftPackageReference;
			repositoryURL = "https://github.com/Wouter125/BottomSheet.git";
			requirement = {
				kind = upToNextMajorVersion;
				minimumVersion = 1.0.0;
			};
		};
/* End XCRemoteSwiftPackageReference section */

/* Begin XCSwiftPackageProductDependency section */
		A051BF5529D4EEEF00AE6187 /* BottomSheet */ = {
			isa = XCSwiftPackageProductDependency;
			package = A051BF5429D4EEEF00AE6187 /* XCRemoteSwiftPackageReference "BottomSheet" */;
			productName = BottomSheet;
		};
/* End XCSwiftPackageProductDependency section */
	};
	rootObject = A051BF2C29D35FB800AE6187 /* Project object */;
}
